
Microsoft Visual Studio Solution File, Format Version 12.00
# Visual Studio Version 17
VisualStudioVersion = 17.4.33110.190
MinimumVisualStudioVersion = 10.0.40219.1
Project("{FAE04EC0-301F-11D3-BF4B-00C04F79EFBC}") = "WebAppsCore3", "WebAppsCore3\WebAppsCore3.csproj", "{A81436F7-BF32-45B5-84AF-23268B034EEE}"
EndProject
Global
	GlobalSection(SolutionConfigurationPlatforms) = preSolution
		Debug|Any CPU = Debug|Any CPU
		Release|Any CPU = Release|Any CPU
	EndGlobalSection
	GlobalSection(ProjectConfigurationPlatforms) = postSolution
		{A81436F7-BF32-45B5-84AF-23268B034EEE}.Debug|Any CPU.ActiveCfg = Debug|Any CPU
		{A81436F7-BF32-45B5-84AF-23268B034EEE}.Debug|Any CPU.Build.0 = Debug|Any CPU
		{A81436F7-BF32-45B5-84AF-23268B034EEE}.Release|Any CPU.ActiveCfg = Release|Any CPU
		{A81436F7-BF32-45B5-84AF-23268B034EEE}.Release|Any CPU.Build.0 = Release|Any CPU
	EndGlobalSection
	GlobalSection(SolutionProperties) = preSolution
		HideSolutionNode = FALSE
	EndGlobalSection
	GlobalSection(ExtensibilityGlobals) = postSolution
		SolutionGuid = {5964B160-A1F4-498A-97BB-A81D4D4E12BA}
	EndGlobalSection
EndGlobal
